
Microsoft Visual Studio Solution File, Format Version 12.00
# Visual Studio Version 17
VisualStudioVersion = 17.9.34622.214
MinimumVisualStudioVersion = 10.0.40219.1
Project("{9A19103F-16F7-4668-BE54-9A1E7A4F7556}") = "EComm_2112510116.Server", "EComm_2112510116\Server\EComm_2112510116.Server.csproj", "{5B6FCA3A-88C8-4421-90A8-B4650583BD34}"
EndProject
Project("{9A19103F-16F7-4668-BE54-9A1E7A4F7556}") = "EComm_2112510116.Client", "EComm_2112510116\Client\EComm_2112510116.Client.csproj", "{49F5F5B2-1DBD-430D-B714-1E62CDCD7AFD}"
EndProject
Project("{9A19103F-16F7-4668-BE54-9A1E7A4F7556}") = "EComm_2112510116.Shared", "EComm_2112510116\Shared\EComm_2112510116.Shared.csproj", "{B53392B2-F219-4827-818A-938F78C6968F}"
EndProject
Global
	GlobalSection(SolutionConfigurationPlatforms) = preSolution
		Debug|Any CPU = Debug|Any CPU
		Release|Any CPU = Release|Any CPU
	EndGlobalSection
	GlobalSection(ProjectConfigurationPlatforms) = postSolution
		{5B6FCA3A-88C8-4421-90A8-B4650583BD34}.Debug|Any CPU.ActiveCfg = Debug|Any CPU
		{5B6FCA3A-88C8-4421-90A8-B4650583BD34}.Debug|Any CPU.Build.0 = Debug|Any CPU
		{5B6FCA3A-88C8-4421-90A8-B4650583BD34}.Release|Any CPU.ActiveCfg = Release|Any CPU
		{5B6FCA3A-88C8-4421-90A8-B4650583BD34}.Release|Any CPU.Build.0 = Release|Any CPU
		{49F5F5B2-1DBD-430D-B714-1E62CDCD7AFD}.Debug|Any CPU.ActiveCfg = Debug|Any CPU
		{49F5F5B2-1DBD-430D-B714-1E62CDCD7AFD}.Debug|Any CPU.Build.0 = Debug|Any CPU
		{49F5F5B2-1DBD-430D-B714-1E62CDCD7AFD}.Release|Any CPU.ActiveCfg = Release|Any CPU
		{49F5F5B2-1DBD-430D-B714-1E62CDCD7AFD}.Release|Any CPU.Build.0 = Release|Any CPU
		{B53392B2-F219-4827-818A-938F78C6968F}.Debug|Any CPU.ActiveCfg = Debug|Any CPU
		{B53392B2-F219-4827-818A-938F78C6968F}.Debug|Any CPU.Build.0 = Debug|Any CPU
		{B53392B2-F219-4827-818A-938F78C6968F}.Release|Any CPU.ActiveCfg = Release|Any CPU
		{B53392B2-F219-4827-818A-938F78C6968F}.Release|Any CPU.Build.0 = Release|Any CPU
	EndGlobalSection
	GlobalSection(SolutionProperties) = preSolution
		HideSolutionNode = FALSE
	EndGlobalSection
	GlobalSection(ExtensibilityGlobals) = postSolution
		SolutionGuid = {529A5CC4-B55C-4378-9369-4F41B609A13A}
	EndGlobalSection
EndGlobal
